{
  "requires": true,
  "lockfileVersion": 1,
  "dependencies": {
    "uview-ui": {
      "version": "2.0.3",
      "resolved": "https://registry.npmmirror.com/uview-ui/download/uview-ui-2.0.3.tgz?cache=0&sync_timestamp=1637052088407&other_urls=https%3A%2F%2Fregistry.npmmirror.com%2Fuview-ui%2Fdownload%2Fuview-ui-2.0.3.tgz",
      "integrity": "sha512-mvCHHV98Bhb1/UbA7JwAkzx9Ng+89QIhqZjFf8POg10uvk+NJHX7H412qTaGe0j3yRvG6080r3HnfbczyRtQiQ=="
    }
  }
}
